// !$*UTF8*$!
{
	archiveVersion = 1;
	classes = {
	};
	objectVersion = 46;
	objects = {

/* Begin PBXBuildFile section */
		9EE9577E1C0899410020AA36 /* main.m in Sources */ = {isa = PBXBuildFile; fileRef = 9EE9577D1C0899410020AA36 /* main.m */; };
		9EE957811C0899410020AA36 /* AppDelegate.m in Sources */ = {isa = PBXBuildFile; fileRef = 9EE957801C0899410020AA36 /* AppDelegate.m */; };
		9EE957841C0899410020AA36 /* ViewController.m in Sources */ = {isa = PBXBuildFile; fileRef = 9EE957831C0899410020AA36 /* ViewController.m */; };
		9EE957871C0899410020AA36 /* Main.storyboard in Resources */ = {isa = PBXBuildFile; fileRef = 9EE957851C0899410020AA36 /* Main.storyboard */; };
		9EE957891C0899410020AA36 /* Assets.xcassets in Resources */ = {isa = PBXBuildFile; fileRef = 9EE957881C0899410020AA36 /* Assets.xcassets */; };
		9EE9578C1C0899410020AA36 /* LaunchScreen.storyboard in Resources */ = {isa = PBXBuildFile; fileRef = 9EE9578A1C0899410020AA36 /* LaunchScreen.storyboard */; };
		9EE957971C0899420020AA36 /* __Tests.m in Sources */ = {isa = PBXBuildFile; fileRef = 9EE957961C0899420020AA36 /* __Tests.m */; };
		9EE957A21C0899420020AA36 /* __UITests.m in Sources */ = {isa = PBXBuildFile; fileRef = 9EE957A11C0899420020AA36 /* __UITests.m */; };
		9EE957B11C08A1000020AA36 /* dbView.m in Sources */ = {isa = PBXBuildFile; fileRef = 9EE957B01C08A1000020AA36 /* dbView.m */; };
		9EE957B41C08B84D0020AA36 /* DrawPath.m in Sources */ = {isa = PBXBuildFile; fileRef = 9EE957B31C08B84D0020AA36 /* DrawPath.m */; };
/* End PBXBuildFile section */

/* Begin PBXContainerItemProxy section */
		9EE957931C0899420020AA36 /* PBXContainerItemProxy */ = {
			isa = PBXContainerItemProxy;
			containerPortal = 9EE957711C0899410020AA36 /* Project object */;
			proxyType = 1;
			remoteGlobalIDString = 9EE957781C0899410020AA36;
			remoteInfo = "画板";
		};
		9EE9579E1C0899420020AA36 /* PBXContainerItemProxy */ = {
			isa = PBXContainerItemProxy;
			containerPortal = 9EE957711C0899410020AA36 /* Project object */;
			proxyType = 1;
			remoteGlobalIDString = 9EE957781C0899410020AA36;
			remoteInfo = "画板";
		};
/* End PBXContainerItemProxy section */

/* Begin PBXFileReference section */
		9EE957791C0899410020AA36 /* 画板.app */ = {isa = PBXFileReference; explicitFileType = wrapper.application; includeInIndex = 0; path = "画板.app"; sourceTree = BUILT_PRODUCTS_DIR; };
		9EE9577D1C0899410020AA36 /* main.m */ = {isa = PBXFileReference; lastKnownFileType = sourcecode.c.objc; path = main.m; sourceTree = "<group>"; };
		9EE9577F1C0899410020AA36 /* AppDelegate.h */ = {isa = PBXFileReference; lastKnownFileType = sourcecode.c.h; path = AppDelegate.h; sourceTree = "<group>"; };
		9EE957801C0899410020AA36 /* AppDelegate.m */ = {isa = PBXFileReference; lastKnownFileType = sourcecode.c.objc; path = AppDelegate.m; sourceTree = "<group>"; };
		9EE957821C0899410020AA36 /* ViewController.h */ = {isa = PBXFileReference; lastKnownFileType = sourcecode.c.h; path = ViewController.h; sourceTree = "<group>"; };
		9EE957831C0899410020AA36 /* ViewController.m */ = {isa = PBXFileReference; lastKnownFileType = sourcecode.c.objc; path = ViewController.m; sourceTree = "<group>"; };
		9EE957861C0899410020AA36 /* Base */ = {isa = PBXFileReference; lastKnownFileType = file.storyboard; name = Base; path = Base.lproj/Main.storyboard; sourceTree = "<group>"; };
		9EE957881C0899410020AA36 /* Assets.xcassets */ = {isa = PBXFileReference; lastKnownFileType = folder.assetcatalog; path = Assets.xcassets; sourceTree = "<group>"; };
		9EE9578B1C0899410020AA36 /* Base */ = {isa = PBXFileReference; lastKnownFileType = file.storyboard; name = Base; path = Base.lproj/LaunchScreen.storyboard; sourceTree = "<group>"; };
		9EE9578D1C0899410020AA36 /* Info.plist */ = {isa = PBXFileReference; lastKnownFileType = text.plist.xml; path = Info.plist; sourceTree = "<group>"; };
		9EE957921C0899420020AA36 /* 画板Tests.xctest */ = {isa = PBXFileReference; explicitFileType = wrapper.cfbundle; includeInIndex = 0; path = "画板Tests.xctest"; sourceTree = BUILT_PRODUCTS_DIR; };
		9EE957961C0899420020AA36 /* __Tests.m */ = {isa = PBXFileReference; lastKnownFileType = sourcecode.c.objc; path = __Tests.m; sourceTree = "<group>"; };
		9EE957981C0899420020AA36 /* Info.plist */ = {isa = PBXFileReference; lastKnownFileType = text.plist.xml; path = Info.plist; sourceTree = "<group>"; };
		9EE9579D1C0899420020AA36 /* 画板UITests.xctest */ = {isa = PBXFileReference; explicitFileType = wrapper.cfbundle; includeInIndex = 0; path = "画板UITests.xctest"; sourceTree = BUILT_PRODUCTS_DIR; };
		9EE957A11C0899420020AA36 /* __UITests.m */ = {isa = PBXFileReference; lastKnownFileType = sourcecode.c.objc; path = __UITests.m; sourceTree = "<group>"; };
		9EE957A31C0899420020AA36 /* Info.plist */ = {isa = PBXFileReference; lastKnownFileType = text.plist.xml; path = Info.plist; sourceTree = "<group>"; };
		9EE957AF1C08A1000020AA36 /* dbView.h */ = {isa = PBXFileReference; fileEncoding = 4; lastKnownFileType = sourcecode.c.h; path = dbView.h; sourceTree = "<group>"; };
		9EE957B01C08A1000020AA36 /* dbView.m */ = {isa = PBXFileReference; fileEncoding = 4; lastKnownFileType = sourcecode.c.objc; path = dbView.m; sourceTree = "<group>"; };
		9EE957B21C08B84D0020AA36 /* DrawPath.h */ = {isa = PBXFileReference; fileEncoding = 4; lastKnownFileType = sourcecode.c.h; path = DrawPath.h; sourceTree = "<group>"; };
		9EE957B31C08B84D0020AA36 /* DrawPath.m */ = {isa = PBXFileReference; fileEncoding = 4; lastKnownFileType = sourcecode.c.objc; path = DrawPath.m; sourceTree = "<group>"; };
/* End PBXFileReference section */

/* Begin PBXFrameworksBuildPhase section */
		9EE957761C0899410020AA36 /* Frameworks */ = {
			isa = PBXFrameworksBuildPhase;
			buildActionMask = 2147483647;
			files = (
			);
			runOnlyForDeploymentPostprocessing = 0;
		};
		9EE9578F1C0899420020AA36 /* Frameworks */ = {
			isa = PBXFrameworksBuildPhase;
			buildActionMask = 2147483647;
			files = (
			);
			runOnlyForDeploymentPostprocessing = 0;
		};
		9EE9579A1C0899420020AA36 /* Frameworks */ = {
			isa = PBXFrameworksBuildPhase;
			buildActionMask = 2147483647;
			files = (
			);
			runOnlyForDeploymentPostprocessing = 0;
		};
/* End PBXFrameworksBuildPhase section */

/* Begin PBXGroup section */
		9EE957701C0899410020AA36 = {
			isa = PBXGroup;
			children = (
				9EE9577B1C0899410020AA36 /* 画板 */,
				9EE957951C0899420020AA36 /* 画板Tests */,
				9EE957A01C0899420020AA36 /* 画板UITests */,
				9EE9577A1C0899410020AA36 /* Products */,
			);
			sourceTree = "<group>";
		};
		9EE9577A1C0899410020AA36 /* Products */ = {
			isa = PBXGroup;
			children = (
				9EE957791C0899410020AA36 /* 画板.app */,
				9EE957921C0899420020AA36 /* 画板Tests.xctest */,
				9EE9579D1C0899420020AA36 /* 画板UITests.xctest */,
			);
			name = Products;
			sourceTree = "<group>";
		};
		9EE9577B1C0899410020AA36 /* 画板 */ = {
			isa = PBXGroup;
			children = (
				9EE9577F1C0899410020AA36 /* AppDelegate.h */,
				9EE957801C0899410020AA36 /* AppDelegate.m */,
				9EE957821C0899410020AA36 /* ViewController.h */,
				9EE957831C0899410020AA36 /* ViewController.m */,
				9EE957851C0899410020AA36 /* Main.storyboard */,
				9EE957AF1C08A1000020AA36 /* dbView.h */,
				9EE957B01C08A1000020AA36 /* dbView.m */,
				9EE957B21C08B84D0020AA36 /* DrawPath.h */,
				9EE957B31C08B84D0020AA36 /* DrawPath.m */,
				9EE957881C0899410020AA36 /* Assets.xcassets */,
				9EE9578A1C0899410020AA36 /* LaunchScreen.storyboard */,
				9EE9578D1C0899410020AA36 /* Info.plist */,
				9EE9577C1C0899410020AA36 /* Supporting Files */,
			);
			path = "画板";
			sourceTree = "<group>";
		};
		9EE9577C1C0899410020AA36 /* Supporting Files */ = {
			isa = PBXGroup;
			children = (
				9EE9577D1C0899410020AA36 /* main.m */,
			);
			name = "Supporting Files";
			sourceTree = "<group>";
		};
		9EE957951C0899420020AA36 /* 画板Tests */ = {
			isa = PBXGroup;
			children = (
				9EE957961C0899420020AA36 /* __Tests.m */,
				9EE957981C0899420020AA36 /* Info.plist */,
			);
			path = "画板Tests";
			sourceTree = "<group>";
		};
		9EE957A01C0899420020AA36 /* 画板UITests */ = {
			isa = PBXGroup;
			children = (
				9EE957A11C0899420020AA36 /* __UITests.m */,
				9EE957A31C0899420020AA36 /* Info.plist */,
			);
			path = "画板UITests";
			sourceTree = "<group>";
		};
/* End PBXGroup section */

/* Begin PBXNativeTarget section */
		9EE957781C0899410020AA36 /* 画板 */ = {
			isa = PBXNativeTarget;
			buildConfigurationList = 9EE957A61C0899420020AA36 /* Build configuration list for PBXNativeTarget "画板" */;
			buildPhases = (
				9EE957751C0899410020AA36 /* Sources */,
				9EE957761C0899410020AA36 /* Frameworks */,
				9EE957771C0899410020AA36 /* Resources */,
			);
			buildRules = (
			);
			dependencies = (
			);
			name = "画板";
			productName = "画板";
			productReference = 9EE957791C0899410020AA36 /* 画板.app */;
			productType = "com.apple.product-type.application";
		};
		9EE957911C0899420020AA36 /* 画板Tests */ = {
			isa = PBXNativeTarget;
			buildConfigurationList = 9EE957A91C0899420020AA36 /* Build configuration list for PBXNativeTarget "画板Tests" */;
			buildPhases = (
				9EE9578E1C0899420020AA36 /* Sources */,
				9EE9578F1C0899420020AA36 /* Frameworks */,
				9EE957901C0899420020AA36 /* Resources */,
			);
			buildRules = (
			);
			dependencies = (
				9EE957941C0899420020AA36 /* PBXTargetDependency */,
			);
			name = "画板Tests";
			productName = "画板Tests";
			productReference = 9EE957921C0899420020AA36 /* 画板Tests.xctest */;
			productType = "com.apple.product-type.bundle.unit-test";
		};
		9EE9579C1C0899420020AA36 /* 画板UITests */ = {
			isa = PBXNativeTarget;
			buildConfigurationList = 9EE957AC1C0899420020AA36 /* Build configuration list for PBXNativeTarget "画板UITests" */;
			buildPhases = (
				9EE957991C0899420020AA36 /* Sources */,
				9EE9579A1C0899420020AA36 /* Frameworks */,
				9EE9579B1C0899420020AA36 /* Resources */,
			);
			buildRules = (
			);
			dependencies = (
				9EE9579F1C0899420020AA36 /* PBXTargetDependency */,
			);
			name = "画板UITests";
			productName = "画板UITests";
			productReference = 9EE9579D1C0899420020AA36 /* 画板UITests.xctest */;
			productType = "com.apple.product-type.bundle.ui-testing";
		};
/* End PBXNativeTarget section */

/* Begin PBXProject section */
		9EE957711C0899410020AA36 /* Project object */ = {
			isa = PBXProject;
			attributes = {
				LastUpgradeCheck = 0710;
				ORGANIZATIONNAME = Jusive;
				TargetAttributes = {
					9EE957781C0899410020AA36 = {
						CreatedOnToolsVersion = 7.1;
						DevelopmentTeam = X8GMQZHZP8;
					};
					9EE957911C0899420020AA36 = {
						CreatedOnToolsVersion = 7.1;
						DevelopmentTeam = X8GMQZHZP8;
						TestTargetID = 9EE957781C0899410020AA36;
					};
					9EE9579C1C0899420020AA36 = {
						CreatedOnToolsVersion = 7.1;
						DevelopmentTeam = X8GMQZHZP8;
						TestTargetID = 9EE957781C0899410020AA36;
					};
				};
			};
			buildConfigurationList = 9EE957741C0899410020AA36 /* Build configuration list for PBXProject "画板" */;
			compatibilityVersion = "Xcode 3.2";
			developmentRegion = English;
			hasScannedForEncodings = 0;
			knownRegions = (
				en,
				Base,
			);
			mainGroup = 9EE957701C0899410020AA36;
			productRefGroup = 9EE9577A1C0899410020AA36 /* Products */;
			projectDirPath = "";
			projectRoot = "";
			targets = (
				9EE957781C0899410020AA36 /* 画板 */,
				9EE957911C0899420020AA36 /* 画板Tests */,
				9EE9579C1C0899420020AA36 /* 画板UITests */,
			);
		};
/* End PBXProject section */

/* Begin PBXResourcesBuildPhase section */
		9EE957771C0899410020AA36 /* Resources */ = {
			isa = PBXResourcesBuildPhase;
			buildActionMask = 2147483647;
			files = (
				9EE9578C1C0899410020AA36 /* LaunchScreen.storyboard in Resources */,
				9EE957891C0899410020AA36 /* Assets.xcassets in Resources */,
				9EE957871C0899410020AA36 /* Main.storyboard in Resources */,
			);
			runOnlyForDeploymentPostprocessing = 0;
		};
		9EE957901C0899420020AA36 /* Resources */ = {
			isa = PBXResourcesBuildPhase;
			buildActionMask = 2147483647;
			files = (
			);
			runOnlyForDeploymentPostprocessing = 0;
		};
		9EE9579B1C0899420020AA36 /* Resources */ = {
			isa = PBXResourcesBuildPhase;
			buildActionMask = 2147483647;
			files = (
			);
			runOnlyForDeploymentPostprocessing = 0;
		};
/* End PBXResourcesBuildPhase section */

/* Begin PBXSourcesBuildPhase section */
		9EE957751C0899410020AA36 /* Sources */ = {
			isa = PBXSourcesBuildPhase;
			buildActionMask = 2147483647;
			files = (
				9EE957B11C08A1000020AA36 /* dbView.m in Sources */,
				9EE957841C0899410020AA36 /* ViewController.m in Sources */,
				9EE957811C0899410020AA36 /* AppDelegate.m in Sources */,
				9EE9577E1C0899410020AA36 /* main.m in Sources */,
				9EE957B41C08B84D0020AA36 /* DrawPath.m in Sources */,
			);
			runOnlyForDeploymentPostprocessing = 0;
		};
		9EE9578E1C0899420020AA36 /* Sources */ = {
			isa = PBXSourcesBuildPhase;
			buildActionMask = 2147483647;
			files = (
				9EE957971C0899420020AA36 /* __Tests.m in Sources */,
			);
			runOnlyForDeploymentPostprocessing = 0;
		};
		9EE957991C0899420020AA36 /* Sources */ = {
			isa = PBXSourcesBuildPhase;
			buildActionMask = 2147483647;
			files = (
				9EE957A21C0899420020AA36 /* __UITests.m in Sources */,
			);
			runOnlyForDeploymentPostprocessing = 0;
		};
/* End PBXSourcesBuildPhase section */

/* Begin PBXTargetDependency section */
		9EE957941C0899420020AA36 /* PBXTargetDependency */ = {
			isa = PBXTargetDependency;
			target = 9EE957781C0899410020AA36 /* 画板 */;
			targetProxy = 9EE957931C0899420020AA36 /* PBXContainerItemProxy */;
		};
		9EE9579F1C0899420020AA36 /* PBXTargetDependency */ = {
			isa = PBXTargetDependency;
			target = 9EE957781C0899410020AA36 /* 画板 */;
			targetProxy = 9EE9579E1C0899420020AA36 /* PBXContainerItemProxy */;
		};
/* End PBXTargetDependency section */

/* Begin PBXVariantGroup section */
		9EE957851C0899410020AA36 /* Main.storyboard */ = {
			isa = PBXVariantGroup;
			children = (
				9EE957861C0899410020AA36 /* Base */,
			);
			name = Main.storyboard;
			sourceTree = "<group>";
		};
		9EE9578A1C0899410020AA36 /* LaunchScreen.storyboard */ = {
			isa = PBXVariantGroup;
			children = (
				9EE9578B1C0899410020AA36 /* Base */,
			);
			name = LaunchScreen.storyboard;
			sourceTree = "<group>";
		};
/* End PBXVariantGroup section */

/* Begin XCBuildConfiguration section */
		9EE957A41C0899420020AA36 /* Debug */ = {
			isa = XCBuildConfiguration;
			buildSettings = {
				ALWAYS_SEARCH_USER_PATHS = NO;
				CLANG_CXX_LANGUAGE_STANDARD = "gnu++0x";
				CLANG_CXX_LIBRARY = "libc++";
				CLANG_ENABLE_MODULES = YES;
				CLANG_ENABLE_OBJC_ARC = YES;
				CLANG_WARN_BOOL_CONVERSION = YES;
				CLANG_WARN_CONSTANT_CONVERSION = YES;
				CLANG_WARN_DIRECT_OBJC_ISA_USAGE = YES_ERROR;
				CLANG_WARN_EMPTY_BODY = YES;
				CLANG_WARN_ENUM_CONVERSION = YES;
				CLANG_WARN_INT_CONVERSION = YES;
				CLANG_WARN_OBJC_ROOT_CLASS = YES_ERROR;
				CLANG_WARN_UNREACHABLE_CODE = YES;
				CLANG_WARN__DUPLICATE_METHOD_MATCH = YES;
				"CODE_SIGN_IDENTITY[sdk=iphoneos*]" = "iPhone Developer";
				COPY_PHASE_STRIP = NO;
				DEBUG_INFORMATION_FORMAT = dwarf;
				ENABLE_STRICT_OBJC_MSGSEND = YES;
				ENABLE_TESTABILITY = YES;
				GCC_C_LANGUAGE_STANDARD = gnu99;
				GCC_DYNAMIC_NO_PIC = NO;
				GCC_NO_COMMON_BLOCKS = YES;
				GCC_OPTIMIZATION_LEVEL = 0;
				GCC_PREPROCESSOR_DEFINITIONS = (
					"DEBUG=1",
					"$(inherited)",
				);
				GCC_WARN_64_TO_32_BIT_CONVERSION = YES;
				GCC_WARN_ABOUT_RETURN_TYPE = YES_ERROR;
				GCC_WARN_UNDECLARED_SELECTOR = YES;
				GCC_WARN_UNINITIALIZED_AUTOS = YES_AGGRESSIVE;
				GCC_WARN_UNUSED_FUNCTION = YES;
				GCC_WARN_UNUSED_VARIABLE = YES;
				IPHONEOS_DEPLOYMENT_TARGET = 9.1;
				MTL_ENABLE_DEBUG_INFO = YES;
				ONLY_ACTIVE_ARCH = YES;
				SDKROOT = iphoneos;
				TARGETED_DEVICE_FAMILY = "1,2";
			};
			name = Debug;
		};
		9EE957A51C0899420020AA36 /* Release */ = {
			isa = XCBuildConfiguration;
			buildSettings = {
				ALWAYS_SEARCH_USER_PATHS = NO;
				CLANG_CXX_LANGUAGE_STANDARD = "gnu++0x";
				CLANG_CXX_LIBRARY = "libc++";
				CLANG_ENABLE_MODULES = YES;
				CLANG_ENABLE_OBJC_ARC = YES;
				CLANG_WARN_BOOL_CONVERSION = YES;
				CLANG_WARN_CONSTANT_CONVERSION = YES;
				CLANG_WARN_DIRECT_OBJC_ISA_USAGE = YES_ERROR;
				CLANG_WARN_EMPTY_BODY = YES;
				CLANG_WARN_ENUM_CONVERSION = YES;
				CLANG_WARN_INT_CONVERSION = YES;
				CLANG_WARN_OBJC_ROOT_CLASS = YES_ERROR;
				CLANG_WARN_UNREACHABLE_CODE = YES;
				CLANG_WARN__DUPLICATE_METHOD_MATCH = YES;
				"CODE_SIGN_IDENTITY[sdk=iphoneos*]" = "iPhone Developer";
				COPY_PHASE_STRIP = NO;
				DEBUG_INFORMATION_FORMAT = "dwarf-with-dsym";
				ENABLE_NS_ASSERTIONS = NO;
				ENABLE_STRICT_OBJC_MSGSEND = YES;
				GCC_C_LANGUAGE_STANDARD = gnu99;
				GCC_NO_COMMON_BLOCKS = YES;
				GCC_WARN_64_TO_32_BIT_CONVERSION = YES;
				GCC_WARN_ABOUT_RETURN_TYPE = YES_ERROR;
				GCC_WARN_UNDECLARED_SELECTOR = YES;
				GCC_WARN_UNINITIALIZED_AUTOS = YES_AGGRESSIVE;
				GCC_WARN_UNUSED_FUNCTION = YES;
				GCC_WARN_UNUSED_VARIABLE = YES;
				IPHONEOS_DEPLOYMENT_TARGET = 9.1;
				MTL_ENABLE_DEBUG_INFO = NO;
				SDKROOT = iphoneos;
				TARGETED_DEVICE_FAMILY = "1,2";
				VALIDATE_PRODUCT = YES;
			};
			name = Release;
		};
		9EE957A71C0899420020AA36 /* Debug */ = {
			isa = XCBuildConfiguration;
			buildSettings = {
				ASSETCATALOG_COMPILER_APPICON_NAME = AppIcon;
				INFOPLIST_FILE = "画板/Info.plist";
				LD_RUNPATH_SEARCH_PATHS = "$(inherited) @executable_path/Frameworks";
				PRODUCT_BUNDLE_IDENTIFIER = "com.jusive.--";
				PRODUCT_NAME = "$(TARGET_NAME)";
			};
			name = Debug;
		};
		9EE957A81C0899420020AA36 /* Release */ = {
			isa = XCBuildConfiguration;
			buildSettings = {
				ASSETCATALOG_COMPILER_APPICON_NAME = AppIcon;
				INFOPLIST_FILE = "画板/Info.plist";
				LD_RUNPATH_SEARCH_PATHS = "$(inherited) @executable_path/Frameworks";
				PRODUCT_BUNDLE_IDENTIFIER = "com.jusive.--";
				PRODUCT_NAME = "$(TARGET_NAME)";
			};
			name = Release;
		};
		9EE957AA1C0899420020AA36 /* Debug */ = {
			isa = XCBuildConfiguration;
			buildSettings = {
				BUNDLE_LOADER = "$(TEST_HOST)";
				INFOPLIST_FILE = "画板Tests/Info.plist";
				LD_RUNPATH_SEARCH_PATHS = "$(inherited) @executable_path/Frameworks @loader_path/Frameworks";
				PRODUCT_BUNDLE_IDENTIFIER = "com.jusive.--Tests";
				PRODUCT_NAME = "$(TARGET_NAME)";
				TEST_HOST = "$(BUILT_PRODUCTS_DIR)/画板.app/画板";
			};
			name = Debug;
		};
		9EE957AB1C0899420020AA36 /* Release */ = {
			isa = XCBuildConfiguration;
			buildSettings = {
				BUNDLE_LOADER = "$(TEST_HOST)";
				INFOPLIST_FILE = "画板Tests/Info.plist";
				LD_RUNPATH_SEARCH_PATHS = "$(inherited) @executable_path/Frameworks @loader_path/Frameworks";
				PRODUCT_BUNDLE_IDENTIFIER = "com.jusive.--Tests";
				PRODUCT_NAME = "$(TARGET_NAME)";
				TEST_HOST = "$(BUILT_PRODUCTS_DIR)/画板.app/画板";
			};
			name = Release;
		};
		9EE957AD1C0899420020AA36 /* Debug */ = {
			isa = XCBuildConfiguration;
			buildSettings = {
				INFOPLIST_FILE = "画板UITests/Info.plist";
				LD_RUNPATH_SEARCH_PATHS = "$(inherited) @executable_path/Frameworks @loader_path/Frameworks";
				PRODUCT_BUNDLE_IDENTIFIER = "com.jusive.--UITests";
				PRODUCT_NAME = "$(TARGET_NAME)";
				TEST_TARGET_NAME = "画板";
				USES_XCTRUNNER = YES;
			};
			name = Debug;
		};
		9EE957AE1C0899420020AA36 /* Release */ = {
			isa = XCBuildConfiguration;
			buildSettings = {
				INFOPLIST_FILE = "画板UITests/Info.plist";
				LD_RUNPATH_SEARCH_PATHS = "$(inherited) @executable_path/Frameworks @loader_path/Frameworks";
				PRODUCT_BUNDLE_IDENTIFIER = "com.jusive.--UITests";
				PRODUCT_NAME = "$(TARGET_NAME)";
				TEST_TARGET_NAME = "画板";
				USES_XCTRUNNER = YES;
			};
			name = Release;
		};
/* End XCBuildConfiguration section */

/* Begin XCConfigurationList section */
		9EE957741C0899410020AA36 /* Build configuration list for PBXProject "画板" */ = {
			isa = XCConfigurationList;
			buildConfigurations = (
				9EE957A41C0899420020AA36 /* Debug */,
				9EE957A51C0899420020AA36 /* Release */,
			);
			defaultConfigurationIsVisible = 0;
			defaultConfigurationName = Release;
		};
		9EE957A61C0899420020AA36 /* Build configuration list for PBXNativeTarget "画板" */ = {
			isa = XCConfigurationList;
			buildConfigurations = (
				9EE957A71C0899420020AA36 /* Debug */,
				9EE957A81C0899420020AA36 /* Release */,
			);
			defaultConfigurationIsVisible = 0;
			defaultConfigurationName = Release;
		};
		9EE957A91C0899420020AA36 /* Build configuration list for PBXNativeTarget "画板Tests" */ = {
			isa = XCConfigurationList;
			buildConfigurations = (
				9EE957AA1C0899420020AA36 /* Debug */,
				9EE957AB1C0899420020AA36 /* Release */,
			);
			defaultConfigurationIsVisible = 0;
			defaultConfigurationName = Release;
		};
		9EE957AC1C0899420020AA36 /* Build configuration list for PBXNativeTarget "画板UITests" */ = {
			isa = XCConfigurationList;
			buildConfigurations = (
				9EE957AD1C0899420020AA36 /* Debug */,
				9EE957AE1C0899420020AA36 /* Release */,
			);
			defaultConfigurationIsVisible = 0;
			defaultConfigurationName = Release;
		};
/* End XCConfigurationList section */
	};
	rootObject = 9EE957711C0899410020AA36 /* Project object */;
}
